// !$*UTF8*$!
{
	archiveVersion = 1;
	classes = {
	};
	objectVersion = 77;
	objects = {

/* Begin PBXContainerItemProxy section */
		12CD6BEB2DD5B5CB005F197E /* PBXContainerItemProxy */ = {
			isa = PBXContainerItemProxy;
			containerPortal = 12CD6BCC2DD5B5C7005F197E /* Project object */;
			proxyType = 1;
			remoteGlobalIDString = 12CD6BD32DD5B5C8005F197E;
			remoteInfo = "SwiftDemo-2";
		};
		12CD6BF52DD5B5CB005F197E /* PBXContainerItemProxy */ = {
			isa = PBXContainerItemProxy;
			containerPortal = 12CD6BCC2DD5B5C7005F197E /* Project object */;
			proxyType = 1;
			remoteGlobalIDString = 12CD6BD32DD5B5C8005F197E;
			remoteInfo = "SwiftDemo-2";
		};
/* End PBXContainerItemProxy section */

/* Begin PBXFileReference section */
		12CD6BD42DD5B5C8005F197E /* SwiftDemo-2.app */ = {isa = PBXFileReference; explicitFileType = wrapper.application; includeInIndex = 0; path = "SwiftDemo-2.app"; sourceTree = BUILT_PRODUCTS_DIR; };
		12CD6BEA2DD5B5CB005F197E /* SwiftDemo-2Tests.xctest */ = {isa = PBXFileReference; explicitFileType = wrapper.cfbundle; includeInIndex = 0; path = "SwiftDemo-2Tests.xctest"; sourceTree = BUILT_PRODUCTS_DIR; };
		12CD6BF42DD5B5CB005F197E /* SwiftDemo-2UITests.xctest */ = {isa = PBXFileReference; explicitFileType = wrapper.cfbundle; includeInIndex = 0; path = "SwiftDemo-2UITests.xctest"; sourceTree = BUILT_PRODUCTS_DIR; };
/* End PBXFileReference section */

/* Begin PBXFileSystemSynchronizedBuildFileExceptionSet section */
		12CD6BFC2DD5B5CB005F197E /* Exceptions for "SwiftDemo-2" folder in "SwiftDemo-2" target */ = {
			isa = PBXFileSystemSynchronizedBuildFileExceptionSet;
			membershipExceptions = (
				Info.plist,
			);
			target = 12CD6BD32DD5B5C8005F197E /* SwiftDemo-2 */;
		};
/* End PBXFileSystemSynchronizedBuildFileExceptionSet section */

/* Begin PBXFileSystemSynchronizedRootGroup section */
		12CD6BD62DD5B5C8005F197E /* SwiftDemo-2 */ = {
			isa = PBXFileSystemSynchronizedRootGroup;
			exceptions = (
				12CD6BFC2DD5B5CB005F197E /* Exceptions for "SwiftDemo-2" folder in "SwiftDemo-2" target */,
			);
			path = "SwiftDemo-2";
			sourceTree = "<group>";
		};
		12CD6BED2DD5B5CB005F197E /* SwiftDemo-2Tests */ = {
			isa = PBXFileSystemSynchronizedRootGroup;
			path = "SwiftDemo-2Tests";
			sourceTree = "<group>";
		};
		12CD6BF72DD5B5CB005F197E /* SwiftDemo-2UITests */ = {
			isa = PBXFileSystemSynchronizedRootGroup;
			path = "SwiftDemo-2UITests";
			sourceTree = "<group>";
		};
/* End PBXFileSystemSynchronizedRootGroup section */

/* Begin PBXFrameworksBuildPhase section */
		12CD6BD12DD5B5C8005F197E /* Frameworks */ = {
			isa = PBXFrameworksBuildPhase;
			buildActionMask = 2147483647;
			files = (
			);
			runOnlyForDeploymentPostprocessing = 0;
		};
		12CD6BE72DD5B5CB005F197E /* Frameworks */ = {
			isa = PBXFrameworksBuildPhase;
			buildActionMask = 2147483647;
			files = (
			);
			runOnlyForDeploymentPostprocessing = 0;
		};
		12CD6BF12DD5B5CB005F197E /* Frameworks */ = {
			isa = PBXFrameworksBuildPhase;
			buildActionMask = 2147483647;
			files = (
			);
			runOnlyForDeploymentPostprocessing = 0;
		};
/* End PBXFrameworksBuildPhase section */

/* Begin PBXGroup section */
		12CD6BCB2DD5B5C7005F197E = {
			isa = PBXGroup;
			children = (
				12CD6BD62DD5B5C8005F197E /* SwiftDemo-2 */,
				12CD6BED2DD5B5CB005F197E /* SwiftDemo-2Tests */,
				12CD6BF72DD5B5CB005F197E /* SwiftDemo-2UITests */,
				12CD6BD52DD5B5C8005F197E /* Products */,
			);
			sourceTree = "<group>";
		};
		12CD6BD52DD5B5C8005F197E /* Products */ = {
			isa = PBXGroup;
			children = (
				12CD6BD42DD5B5C8005F197E /* SwiftDemo-2.app */,
				12CD6BEA2DD5B5CB005F197E /* SwiftDemo-2Tests.xctest */,
				12CD6BF42DD5B5CB005F197E /* SwiftDemo-2UITests.xctest */,
			);
			name = Products;
			sourceTree = "<group>";
		};
/* End PBXGroup section */

/* Begin PBXNativeTarget section */
		12CD6BD32DD5B5C8005F197E /* SwiftDemo-2 */ = {
			isa = PBXNativeTarget;
			buildConfigurationList = 12CD6BFD2DD5B5CB005F197E /* Build configuration list for PBXNativeTarget "SwiftDemo-2" */;
			buildPhases = (
				12CD6BD02DD5B5C8005F197E /* Sources */,
				12CD6BD12DD5B5C8005F197E /* Frameworks */,
				12CD6BD22DD5B5C8005F197E /* Resources */,
			);
			buildRules = (
			);
			dependencies = (
			);
			fileSystemSynchronizedGroups = (
				12CD6BD62DD5B5C8005F197E /* SwiftDemo-2 */,
			);
			name = "SwiftDemo-2";
			packageProductDependencies = (
			);
			productName = "SwiftDemo-2";
			productReference = 12CD6BD42DD5B5C8005F197E /* SwiftDemo-2.app */;
			productType = "com.apple.product-type.application";
		};
		12CD6BE92DD5B5CB005F197E /* SwiftDemo-2Tests */ = {
			isa = PBXNativeTarget;
			buildConfigurationList = 12CD6C022DD5B5CB005F197E /* Build configuration list for PBXNativeTarget "SwiftDemo-2Tests" */;
			buildPhases = (
				12CD6BE62DD5B5CB005F197E /* Sources */,
				12CD6BE72DD5B5CB005F197E /* Frameworks */,
				12CD6BE82DD5B5CB005F197E /* Resources */,
			);
			buildRules = (
			);
			dependencies = (
				12CD6BEC2DD5B5CB005F197E /* PBXTargetDependency */,
			);
			fileSystemSynchronizedGroups = (
				12CD6BED2DD5B5CB005F197E /* SwiftDemo-2Tests */,
			);
			name = "SwiftDemo-2Tests";
			packageProductDependencies = (
			);
			productName = "SwiftDemo-2Tests";
			productReference = 12CD6BEA2DD5B5CB005F197E /* SwiftDemo-2Tests.xctest */;
			productType = "com.apple.product-type.bundle.unit-test";
		};
		12CD6BF32DD5B5CB005F197E /* SwiftDemo-2UITests */ = {
			isa = PBXNativeTarget;
			buildConfigurationList = 12CD6C052DD5B5CB005F197E /* Build configuration list for PBXNativeTarget "SwiftDemo-2UITests" */;
			buildPhases = (
				12CD6BF02DD5B5CB005F197E /* Sources */,
				12CD6BF12DD5B5CB005F197E /* Frameworks */,
				12CD6BF22DD5B5CB005F197E /* Resources */,
			);
			buildRules = (
			);
			dependencies = (
				12CD6BF62DD5B5CB005F197E /* PBXTargetDependency */,
			);
			fileSystemSynchronizedGroups = (
				12CD6BF72DD5B5CB005F197E /* SwiftDemo-2UITests */,
			);
			name = "SwiftDemo-2UITests";
			packageProductDependencies = (
			);
			productName = "SwiftDemo-2UITests";
			productReference = 12CD6BF42DD5B5CB005F197E /* SwiftDemo-2UITests.xctest */;
			productType = "com.apple.product-type.bundle.ui-testing";
		};
/* End PBXNativeTarget section */

/* Begin PBXProject section */
		12CD6BCC2DD5B5C7005F197E /* Project object */ = {
			isa = PBXProject;
			attributes = {
				BuildIndependentTargetsInParallel = 1;
				LastSwiftUpdateCheck = 1630;
				LastUpgradeCheck = 1630;
				TargetAttributes = {
					12CD6BD32DD5B5C8005F197E = {
						CreatedOnToolsVersion = 16.3;
					};
					12CD6BE92DD5B5CB005F197E = {
						CreatedOnToolsVersion = 16.3;
						TestTargetID = 12CD6BD32DD5B5C8005F197E;
					};
					12CD6BF32DD5B5CB005F197E = {
						CreatedOnToolsVersion = 16.3;
						TestTargetID = 12CD6BD32DD5B5C8005F197E;
					};
				};
			};
			buildConfigurationList = 12CD6BCF2DD5B5C7005F197E /* Build configuration list for PBXProject "SwiftDemo-2" */;
			developmentRegion = en;
			hasScannedForEncodings = 0;
			knownRegions = (
				en,
				Base,
			);
			mainGroup = 12CD6BCB2DD5B5C7005F197E;
			minimizedProjectReferenceProxies = 1;
			preferredProjectObjectVersion = 77;
			productRefGroup = 12CD6BD52DD5B5C8005F197E /* Products */;
			projectDirPath = "";
			projectRoot = "";
			targets = (
				12CD6BD32DD5B5C8005F197E /* SwiftDemo-2 */,
				12CD6BE92DD5B5CB005F197E /* SwiftDemo-2Tests */,
				12CD6BF32DD5B5CB005F197E /* SwiftDemo-2UITests */,
			);
		};
/* End PBXProject section */

/* Begin PBXResourcesBuildPhase section */
		12CD6BD22DD5B5C8005F197E /* Resources */ = {
			isa = PBXResourcesBuildPhase;
			buildActionMask = 2147483647;
			files = (
			);
			runOnlyForDeploymentPostprocessing = 0;
		};
		12CD6BE82DD5B5CB005F197E /* Resources */ = {
			isa = PBXResourcesBuildPhase;
			buildActionMask = 2147483647;
			files = (
			);
			runOnlyForDeploymentPostprocessing = 0;
		};
		12CD6BF22DD5B5CB005F197E /* Resources */ = {
			isa = PBXResourcesBuildPhase;
			buildActionMask = 2147483647;
			files = (
			);
			runOnlyForDeploymentPostprocessing = 0;
		};
/* End PBXResourcesBuildPhase section */

/* Begin PBXSourcesBuildPhase section */
		12CD6BD02DD5B5C8005F197E /* Sources */ = {
			isa = PBXSourcesBuildPhase;
			buildActionMask = 2147483647;
			files = (
			);
			runOnlyForDeploymentPostprocessing = 0;
		};
		12CD6BE62DD5B5CB005F197E /* Sources */ = {
			isa = PBXSourcesBuildPhase;
			buildActionMask = 2147483647;
			files = (
			);
			runOnlyForDeploymentPostprocessing = 0;
		};
		12CD6BF02DD5B5CB005F197E /* Sources */ = {
			isa = PBXSourcesBuildPhase;
			buildActionMask = 2147483647;
			files = (
			);
			runOnlyForDeploymentPostprocessing = 0;
		};
/* End PBXSourcesBuildPhase section */

/* Begin PBXTargetDependency section */
		12CD6BEC2DD5B5CB005F197E /* PBXTargetDependency */ = {
			isa = PBXTargetDependency;
			target = 12CD6BD32DD5B5C8005F197E /* SwiftDemo-2 */;
			targetProxy = 12CD6BEB2DD5B5CB005F197E /* PBXContainerItemProxy */;
		};
		12CD6BF62DD5B5CB005F197E /* PBXTargetDependency */ = {
			isa = PBXTargetDependency;
			target = 12CD6BD32DD5B5C8005F197E /* SwiftDemo-2 */;
			targetProxy = 12CD6BF52DD5B5CB005F197E /* PBXContainerItemProxy */;
		};
/* End PBXTargetDependency section */

/* Begin XCBuildConfiguration section */
		12CD6BFE2DD5B5CB005F197E /* Debug */ = {
			isa = XCBuildConfiguration;
			buildSettings = {
				ASSETCATALOG_COMPILER_APPICON_NAME = AppIcon;
				ASSETCATALOG_COMPILER_GLOBAL_ACCENT_COLOR_NAME = AccentColor;
				CODE_SIGN_ENTITLEMENTS = "SwiftDemo-2/SwiftDemo-2.entitlements";
				CODE_SIGN_STYLE = Automatic;
				CURRENT_PROJECT_VERSION = 1;
				GENERATE_INFOPLIST_FILE = YES;
				INFOPLIST_FILE = "SwiftDemo-2/Info.plist";
				INFOPLIST_KEY_CFBundleDisplayName = "Swift Demos";
				INFOPLIST_KEY_UIApplicationSupportsIndirectInputEvents = YES;
				INFOPLIST_KEY_UILaunchStoryboardName = LaunchScreen;
				INFOPLIST_KEY_UIMainStoryboardFile = Main;
				INFOPLIST_KEY_UISupportedInterfaceOrientations = "UIInterfaceOrientationLandscapeLeft UIInterfaceOrientationLandscapeRight UIInterfaceOrientationPortrait";
				IPHONEOS_DEPLOYMENT_TARGET = 14;
				LD_RUNPATH_SEARCH_PATHS = (
					"$(inherited)",
					"@executable_path/Frameworks",
				);
				MARKETING_VERSION = 1.0.0;
				PRODUCT_BUNDLE_IDENTIFIER = "com.pranay.SwiftDemo-2";
				PRODUCT_NAME = "$(TARGET_NAME)";
				SWIFT_EMIT_LOC_STRINGS = YES;
				SWIFT_VERSION = 5.0;
				TARGETED_DEVICE_FAMILY = "1,2";
			};
			name = Debug;
		};
		12CD6BFF2DD5B5CB005F197E /* Release */ = {
			isa = XCBuildConfiguration;
			buildSettings = {
				ASSETCATALOG_COMPILER_APPICON_NAME = AppIcon;
				ASSETCATALOG_COMPILER_GLOBAL_ACCENT_COLOR_NAME = AccentColor;
				CODE_SIGN_ENTITLEMENTS = "SwiftDemo-2/SwiftDemo-2.entitlements";
				CODE_SIGN_STYLE = Automatic;
				CURRENT_PROJECT_VERSION = 1;
				GENERATE_INFOPLIST_FILE = YES;
				INFOPLIST_FILE = "SwiftDemo-2/Info.plist";
				INFOPLIST_KEY_CFBundleDisplayName = "Swift Demos";
				INFOPLIST_KEY_UIApplicationSupportsIndirectInputEvents = YES;
				INFOPLIST_KEY_UILaunchStoryboardName = LaunchScreen;
				INFOPLIST_KEY_UIMainStoryboardFile = Main;
				INFOPLIST_KEY_UISupportedInterfaceOrientations = "UIInterfaceOrientationLandscapeLeft UIInterfaceOrientationLandscapeRight UIInterfaceOrientationPortrait";
				IPHONEOS_DEPLOYMENT_TARGET = 14;
				LD_RUNPATH_SEARCH_PATHS = (
					"$(inherited)",
					"@executable_path/Frameworks",
				);
				MARKETING_VERSION = 1.0.0;
				PRODUCT_BUNDLE_IDENTIFIER = "com.pranay.SwiftDemo-2";
				PRODUCT_NAME = "$(TARGET_NAME)";
				SWIFT_EMIT_LOC_STRINGS = YES;
				SWIFT_VERSION = 5.0;
				TARGETED_DEVICE_FAMILY = "1,2";
			};
			name = Release;
		};
		12CD6C002DD5B5CB005F197E /* Debug */ = {
			isa = XCBuildConfiguration;
			buildSettings = {
				ALWAYS_SEARCH_USER_PATHS = NO;
				ASSETCATALOG_COMPILER_GENERATE_SWIFT_ASSET_SYMBOL_EXTENSIONS = YES;
				CLANG_ANALYZER_NONNULL = YES;
				CLANG_ANALYZER_NUMBER_OBJECT_CONVERSION = YES_AGGRESSIVE;
				CLANG_CXX_LANGUAGE_STANDARD = "gnu++20";
				CLANG_ENABLE_MODULES = YES;
				CLANG_ENABLE_OBJC_ARC = YES;
				CLANG_ENABLE_OBJC_WEAK = YES;
				CLANG_WARN_BLOCK_CAPTURE_AUTORELEASING = YES;
				CLANG_WARN_BOOL_CONVERSION = YES;
				CLANG_WARN_COMMA = YES;
				CLANG_WARN_CONSTANT_CONVERSION = YES;
				CLANG_WARN_DEPRECATED_OBJC_IMPLEMENTATIONS = YES;
				CLANG_WARN_DIRECT_OBJC_ISA_USAGE = YES_ERROR;
				CLANG_WARN_DOCUMENTATION_COMMENTS = YES;
				CLANG_WARN_EMPTY_BODY = YES;
				CLANG_WARN_ENUM_CONVERSION = YES;
				CLANG_WARN_INFINITE_RECURSION = YES;
				CLANG_WARN_INT_CONVERSION = YES;
				CLANG_WARN_NON_LITERAL_NULL_CONVERSION = YES;
				CLANG_WARN_OBJC_IMPLICIT_RETAIN_SELF = YES;
				CLANG_WARN_OBJC_LITERAL_CONVERSION = YES;
				CLANG_WARN_OBJC_ROOT_CLASS = YES_ERROR;
				CLANG_WARN_QUOTED_INCLUDE_IN_FRAMEWORK_HEADER = YES;
				CLANG_WARN_RANGE_LOOP_ANALYSIS = YES;
				CLANG_WARN_STRICT_PROTOTYPES = YES;
				CLANG_WARN_SUSPICIOUS_MOVE = YES;
				CLANG_WARN_UNGUARDED_AVAILABILITY = YES_AGGRESSIVE;
				CLANG_WARN_UNREACHABLE_CODE = YES;
				CLANG_WARN__DUPLICATE_METHOD_MATCH = YES;
				COPY_PHASE_STRIP = NO;
				DEBUG_INFORMATION_FORMAT = dwarf;
				ENABLE_STRICT_OBJC_MSGSEND = YES;
				ENABLE_TESTABILITY = YES;
				ENABLE_USER_SCRIPT_SANDBOXING = YES;
				GCC_C_LANGUAGE_STANDARD = gnu17;
				GCC_DYNAMIC_NO_PIC = NO;
				GCC_NO_COMMON_BLOCKS = YES;
				GCC_OPTIMIZATION_LEVEL = 0;
				GCC_PREPROCESSOR_DEFINITIONS = (
					"DEBUG=1",
					"$(inherited)",
				);
				GCC_WARN_64_TO_32_BIT_CONVERSION = YES;
				GCC_WARN_ABOUT_RETURN_TYPE = YES_ERROR;
				GCC_WARN_UNDECLARED_SELECTOR = YES;
				GCC_WARN_UNINITIALIZED_AUTOS = YES_AGGRESSIVE;
				GCC_WARN_UNUSED_FUNCTION = YES;
				GCC_WARN_UNUSED_VARIABLE = YES;
				IPHONEOS_DEPLOYMENT_TARGET = 18.4;
				LOCALIZATION_PREFERS_STRING_CATALOGS = YES;
				MTL_ENABLE_DEBUG_INFO = INCLUDE_SOURCE;
				MTL_FAST_MATH = YES;
				ONLY_ACTIVE_ARCH = YES;
				SDKROOT = iphoneos;
				SWIFT_ACTIVE_COMPILATION_CONDITIONS = "DEBUG $(inherited)";
				SWIFT_OPTIMIZATION_LEVEL = "-Onone";
			};
			name = Debug;
		};
		12CD6C012DD5B5CB005F197E /* Release */ = {
			isa = XCBuildConfiguration;
			buildSettings = {
				ALWAYS_SEARCH_USER_PATHS = NO;
				ASSETCATALOG_COMPILER_GENERATE_SWIFT_ASSET_SYMBOL_EXTENSIONS = YES;
				CLANG_ANALYZER_NONNULL = YES;
				CLANG_ANALYZER_NUMBER_OBJECT_CONVERSION = YES_AGGRESSIVE;
				CLANG_CXX_LANGUAGE_STANDARD = "gnu++20";
				CLANG_ENABLE_MODULES = YES;
				CLANG_ENABLE_OBJC_ARC = YES;
				CLANG_ENABLE_OBJC_WEAK = YES;
				CLANG_WARN_BLOCK_CAPTURE_AUTORELEASING = YES;
				CLANG_WARN_BOOL_CONVERSION = YES;
				CLANG_WARN_COMMA = YES;
				CLANG_WARN_CONSTANT_CONVERSION = YES;
				CLANG_WARN_DEPRECATED_OBJC_IMPLEMENTATIONS = YES;
				CLANG_WARN_DIRECT_OBJC_ISA_USAGE = YES_ERROR;
				CLANG_WARN_DOCUMENTATION_COMMENTS = YES;
				CLANG_WARN_EMPTY_BODY = YES;
				CLANG_WARN_ENUM_CONVERSION = YES;
				CLANG_WARN_INFINITE_RECURSION = YES;
				CLANG_WARN_INT_CONVERSION = YES;
				CLANG_WARN_NON_LITERAL_NULL_CONVERSION = YES;
				CLANG_WARN_OBJC_IMPLICIT_RETAIN_SELF = YES;
				CLANG_WARN_OBJC_LITERAL_CONVERSION = YES;
				CLANG_WARN_OBJC_ROOT_CLASS = YES_ERROR;
				CLANG_WARN_QUOTED_INCLUDE_IN_FRAMEWORK_HEADER = YES;
				CLANG_WARN_RANGE_LOOP_ANALYSIS = YES;
				CLANG_WARN_STRICT_PROTOTYPES = YES;
				CLANG_WARN_SUSPICIOUS_MOVE = YES;
				CLANG_WARN_UNGUARDED_AVAILABILITY = YES_AGGRESSIVE;
				CLANG_WARN_UNREACHABLE_CODE = YES;
				CLANG_WARN__DUPLICATE_METHOD_MATCH = YES;
				COPY_PHASE_STRIP = NO;
				DEBUG_INFORMATION_FORMAT = "dwarf-with-dsym";
				ENABLE_NS_ASSERTIONS = NO;
				ENABLE_STRICT_OBJC_MSGSEND = YES;
				ENABLE_USER_SCRIPT_SANDBOXING = YES;
				GCC_C_LANGUAGE_STANDARD = gnu17;
				GCC_NO_COMMON_BLOCKS = YES;
				GCC_WARN_64_TO_32_BIT_CONVERSION = YES;
				GCC_WARN_ABOUT_RETURN_TYPE = YES_ERROR;
				GCC_WARN_UNDECLARED_SELECTOR = YES;
				GCC_WARN_UNINITIALIZED_AUTOS = YES_AGGRESSIVE;
				GCC_WARN_UNUSED_FUNCTION = YES;
				GCC_WARN_UNUSED_VARIABLE = YES;
				IPHONEOS_DEPLOYMENT_TARGET = 18.4;
				LOCALIZATION_PREFERS_STRING_CATALOGS = YES;
				MTL_ENABLE_DEBUG_INFO = NO;
				MTL_FAST_MATH = YES;
				SDKROOT = iphoneos;
				SWIFT_COMPILATION_MODE = wholemodule;
				VALIDATE_PRODUCT = YES;
			};
			name = Release;
		};
		12CD6C032DD5B5CB005F197E /* Debug */ = {
			isa = XCBuildConfiguration;
			buildSettings = {
				BUNDLE_LOADER = "$(TEST_HOST)";
				CODE_SIGN_STYLE = Automatic;
				CURRENT_PROJECT_VERSION = 1;
				GENERATE_INFOPLIST_FILE = YES;
				IPHONEOS_DEPLOYMENT_TARGET = 18.4;
				MARKETING_VERSION = 1.0;
				PRODUCT_BUNDLE_IDENTIFIER = "com.pranay.SwiftDemo-2Tests";
				PRODUCT_NAME = "$(TARGET_NAME)";
				SWIFT_EMIT_LOC_STRINGS = NO;
				SWIFT_VERSION = 5.0;
				TARGETED_DEVICE_FAMILY = "1,2";
				TEST_HOST = "$(BUILT_PRODUCTS_DIR)/SwiftDemo-2.app/$(BUNDLE_EXECUTABLE_FOLDER_PATH)/SwiftDemo-2";
			};
			name = Debug;
		};
		12CD6C042DD5B5CB005F197E /* Release */ = {
			isa = XCBuildConfiguration;
			buildSettings = {
				BUNDLE_LOADER = "$(TEST_HOST)";
				CODE_SIGN_STYLE = Automatic;
				CURRENT_PROJECT_VERSION = 1;
				GENERATE_INFOPLIST_FILE = YES;
				IPHONEOS_DEPLOYMENT_TARGET = 18.4;
				MARKETING_VERSION = 1.0;
				PRODUCT_BUNDLE_IDENTIFIER = "com.pranay.SwiftDemo-2Tests";
				PRODUCT_NAME = "$(TARGET_NAME)";
				SWIFT_EMIT_LOC_STRINGS = NO;
				SWIFT_VERSION = 5.0;
				TARGETED_DEVICE_FAMILY = "1,2";
				TEST_HOST = "$(BUILT_PRODUCTS_DIR)/SwiftDemo-2.app/$(BUNDLE_EXECUTABLE_FOLDER_PATH)/SwiftDemo-2";
			};
			name = Release;
		};
		12CD6C062DD5B5CB005F197E /* Debug */ = {
			isa = XCBuildConfiguration;
			buildSettings = {
				CODE_SIGN_STYLE = Automatic;
				CURRENT_PROJECT_VERSION = 1;
				GENERATE_INFOPLIST_FILE = YES;
				MARKETING_VERSION = 1.0;
				PRODUCT_BUNDLE_IDENTIFIER = "com.pranay.SwiftDemo-2UITests";
				PRODUCT_NAME = "$(TARGET_NAME)";
				SWIFT_EMIT_LOC_STRINGS = NO;
				SWIFT_VERSION = 5.0;
				TARGETED_DEVICE_FAMILY = "1,2";
				TEST_TARGET_NAME = "SwiftDemo-2";
			};
			name = Debug;
		};
		12CD6C072DD5B5CB005F197E /* Release */ = {
			isa = XCBuildConfiguration;
			buildSettings = {
				CODE_SIGN_STYLE = Automatic;
				CURRENT_PROJECT_VERSION = 1;
				GENERATE_INFOPLIST_FILE = YES;
				MARKETING_VERSION = 1.0;
				PRODUCT_BUNDLE_IDENTIFIER = "com.pranay.SwiftDemo-2UITests";
				PRODUCT_NAME = "$(TARGET_NAME)";
				SWIFT_EMIT_LOC_STRINGS = NO;
				SWIFT_VERSION = 5.0;
				TARGETED_DEVICE_FAMILY = "1,2";
				TEST_TARGET_NAME = "SwiftDemo-2";
			};
			name = Release;
		};
/* End XCBuildConfiguration section */

/* Begin XCConfigurationList section */
		12CD6BCF2DD5B5C7005F197E /* Build configuration list for PBXProject "SwiftDemo-2" */ = {
			isa = XCConfigurationList;
			buildConfigurations = (
				12CD6C002DD5B5CB005F197E /* Debug */,
				12CD6C012DD5B5CB005F197E /* Release */,
			);
			defaultConfigurationIsVisible = 0;
			defaultConfigurationName = Release;
		};
		12CD6BFD2DD5B5CB005F197E /* Build configuration list for PBXNativeTarget "SwiftDemo-2" */ = {
			isa = XCConfigurationList;
			buildConfigurations = (
				12CD6BFE2DD5B5CB005F197E /* Debug */,
				12CD6BFF2DD5B5CB005F197E /* Release */,
			);
			defaultConfigurationIsVisible = 0;
			defaultConfigurationName = Release;
		};
		12CD6C022DD5B5CB005F197E /* Build configuration list for PBXNativeTarget "SwiftDemo-2Tests" */ = {
			isa = XCConfigurationList;
			buildConfigurations = (
				12CD6C032DD5B5CB005F197E /* Debug */,
				12CD6C042DD5B5CB005F197E /* Release */,
			);
			defaultConfigurationIsVisible = 0;
			defaultConfigurationName = Release;
		};
		12CD6C052DD5B5CB005F197E /* Build configuration list for PBXNativeTarget "SwiftDemo-2UITests" */ = {
			isa = XCConfigurationList;
			buildConfigurations = (
				12CD6C062DD5B5CB005F197E /* Debug */,
				12CD6C072DD5B5CB005F197E /* Release */,
			);
			defaultConfigurationIsVisible = 0;
			defaultConfigurationName = Release;
		};
/* End XCConfigurationList section */
	};
	rootObject = 12CD6BCC2DD5B5C7005F197E /* Project object */;
}
