// !$*UTF8*$!
{
	archiveVersion = 1;
	classes = {
	};
	objectVersion = 56;
	objects = {

/* Begin PBXBuildFile section */
		1218834F2CF4AF0D00D89A74 /* CustomVideoPlayer.swift in Sources */ = {isa = PBXBuildFile; fileRef = 1218834E2CF4AF0D00D89A74 /* CustomVideoPlayer.swift */; };
		124998992D005DEB003A29CE /* DropdownView.swift in Sources */ = {isa = PBXBuildFile; fileRef = 124998982D005DEB003A29CE /* DropdownView.swift */; };
		12E3FECB2CCBC5480014B440 /* CustomDateSelection.swift in Sources */ = {isa = PBXBuildFile; fileRef = 12E3FECA2CCBC5480014B440 /* CustomDateSelection.swift */; };
		12EA23692CD9F511008CAC98 /* CameraUtility.swift in Sources */ = {isa = PBXBuildFile; fileRef = 12EA23682CD9F511008CAC98 /* CameraUtility.swift */; };
		12EA236B2CDA3244008CAC98 /* CustomActionSheetVC.swift in Sources */ = {isa = PBXBuildFile; fileRef = 12EA236A2CDA3244008CAC98 /* CustomActionSheetVC.swift */; };
		12F28A302CDB50AB009FB484 /* TableViewCell.swift in Sources */ = {isa = PBXBuildFile; fileRef = 12F28A2E2CDB50AB009FB484 /* TableViewCell.swift */; };
		12F28A312CDB50AB009FB484 /* TableViewCell.xib in Resources */ = {isa = PBXBuildFile; fileRef = 12F28A2F2CDB50AB009FB484 /* TableViewCell.xib */; };
		12F476402CCA115B00BE01E0 /* AppDelegate.swift in Sources */ = {isa = PBXBuildFile; fileRef = 12F4763F2CCA115B00BE01E0 /* AppDelegate.swift */; };
		12F476422CCA115B00BE01E0 /* SceneDelegate.swift in Sources */ = {isa = PBXBuildFile; fileRef = 12F476412CCA115B00BE01E0 /* SceneDelegate.swift */; };
		12F476442CCA115B00BE01E0 /* ViewController.swift in Sources */ = {isa = PBXBuildFile; fileRef = 12F476432CCA115B00BE01E0 /* ViewController.swift */; };
		12F476472CCA115C00BE01E0 /* Main.storyboard in Resources */ = {isa = PBXBuildFile; fileRef = 12F476452CCA115C00BE01E0 /* Main.storyboard */; };
		12F476492CCA115E00BE01E0 /* Assets.xcassets in Resources */ = {isa = PBXBuildFile; fileRef = 12F476482CCA115E00BE01E0 /* Assets.xcassets */; };
		12F4764C2CCA115E00BE01E0 /* LaunchScreen.storyboard in Resources */ = {isa = PBXBuildFile; fileRef = 12F4764A2CCA115E00BE01E0 /* LaunchScreen.storyboard */; };
		12F476562CCA4D1E00BE01E0 /* ToastMessage.swift in Sources */ = {isa = PBXBuildFile; fileRef = 12F476552CCA4D1E00BE01E0 /* ToastMessage.swift */; };
		12F476582CCA5E5B00BE01E0 /* PopupHelper.swift in Sources */ = {isa = PBXBuildFile; fileRef = 12F476572CCA5E5B00BE01E0 /* PopupHelper.swift */; };
		12F4765A2CCA646700BE01E0 /* CustomPopupView.swift in Sources */ = {isa = PBXBuildFile; fileRef = 12F476592CCA646600BE01E0 /* CustomPopupView.swift */; };
/* End PBXBuildFile section */

/* Begin PBXFileReference section */
		1218834E2CF4AF0D00D89A74 /* CustomVideoPlayer.swift */ = {isa = PBXFileReference; lastKnownFileType = sourcecode.swift; path = CustomVideoPlayer.swift; sourceTree = "<group>"; };
		124998982D005DEB003A29CE /* DropdownView.swift */ = {isa = PBXFileReference; lastKnownFileType = sourcecode.swift; path = DropdownView.swift; sourceTree = "<group>"; };
		12E3FECA2CCBC5480014B440 /* CustomDateSelection.swift */ = {isa = PBXFileReference; lastKnownFileType = sourcecode.swift; path = CustomDateSelection.swift; sourceTree = "<group>"; };
		12EA23682CD9F511008CAC98 /* CameraUtility.swift */ = {isa = PBXFileReference; fileEncoding = 4; lastKnownFileType = sourcecode.swift; name = CameraUtility.swift; path = ../../../SupportFiles/Swift/CameraUtility.swift; sourceTree = "<group>"; };
		12EA236A2CDA3244008CAC98 /* CustomActionSheetVC.swift */ = {isa = PBXFileReference; lastKnownFileType = sourcecode.swift; path = CustomActionSheetVC.swift; sourceTree = "<group>"; };
		12F28A2E2CDB50AB009FB484 /* TableViewCell.swift */ = {isa = PBXFileReference; lastKnownFileType = sourcecode.swift; path = TableViewCell.swift; sourceTree = "<group>"; };
		12F28A2F2CDB50AB009FB484 /* TableViewCell.xib */ = {isa = PBXFileReference; lastKnownFileType = file.xib; path = TableViewCell.xib; sourceTree = "<group>"; };
		12F4763C2CCA115B00BE01E0 /* SwiftDemo1.app */ = {isa = PBXFileReference; explicitFileType = wrapper.application; includeInIndex = 0; path = SwiftDemo1.app; sourceTree = BUILT_PRODUCTS_DIR; };
		12F4763F2CCA115B00BE01E0 /* AppDelegate.swift */ = {isa = PBXFileReference; lastKnownFileType = sourcecode.swift; path = AppDelegate.swift; sourceTree = "<group>"; };
		12F476412CCA115B00BE01E0 /* SceneDelegate.swift */ = {isa = PBXFileReference; lastKnownFileType = sourcecode.swift; path = SceneDelegate.swift; sourceTree = "<group>"; };
		12F476432CCA115B00BE01E0 /* ViewController.swift */ = {isa = PBXFileReference; lastKnownFileType = sourcecode.swift; path = ViewController.swift; sourceTree = "<group>"; };
		12F476462CCA115C00BE01E0 /* Base */ = {isa = PBXFileReference; lastKnownFileType = file.storyboard; name = Base; path = Base.lproj/Main.storyboard; sourceTree = "<group>"; };
		12F476482CCA115E00BE01E0 /* Assets.xcassets */ = {isa = PBXFileReference; lastKnownFileType = folder.assetcatalog; path = Assets.xcassets; sourceTree = "<group>"; };
		12F4764B2CCA115E00BE01E0 /* Base */ = {isa = PBXFileReference; lastKnownFileType = file.storyboard; name = Base; path = Base.lproj/LaunchScreen.storyboard; sourceTree = "<group>"; };
		12F4764D2CCA115E00BE01E0 /* Info.plist */ = {isa = PBXFileReference; lastKnownFileType = text.plist.xml; path = Info.plist; sourceTree = "<group>"; };
		12F476552CCA4D1E00BE01E0 /* ToastMessage.swift */ = {isa = PBXFileReference; fileEncoding = 4; lastKnownFileType = sourcecode.swift; name = ToastMessage.swift; path = ../../../SupportFiles/Swift/ToastMessage.swift; sourceTree = "<group>"; };
		12F476572CCA5E5B00BE01E0 /* PopupHelper.swift */ = {isa = PBXFileReference; lastKnownFileType = sourcecode.swift; path = PopupHelper.swift; sourceTree = "<group>"; };
		12F476592CCA646600BE01E0 /* CustomPopupView.swift */ = {isa = PBXFileReference; lastKnownFileType = sourcecode.swift; path = CustomPopupView.swift; sourceTree = "<group>"; };
/* End PBXFileReference section */

/* Begin PBXFrameworksBuildPhase section */
		12F476392CCA115B00BE01E0 /* Frameworks */ = {
			isa = PBXFrameworksBuildPhase;
			buildActionMask = 2147483647;
			files = (
			);
			runOnlyForDeploymentPostprocessing = 0;
		};
/* End PBXFrameworksBuildPhase section */

/* Begin PBXGroup section */
		12F476332CCA115B00BE01E0 = {
			isa = PBXGroup;
			children = (
				12F4763E2CCA115B00BE01E0 /* SwiftDemo1 */,
				12F4763D2CCA115B00BE01E0 /* Products */,
			);
			sourceTree = "<group>";
		};
		12F4763D2CCA115B00BE01E0 /* Products */ = {
			isa = PBXGroup;
			children = (
				12F4763C2CCA115B00BE01E0 /* SwiftDemo1.app */,
			);
			name = Products;
			sourceTree = "<group>";
		};
		12F4763E2CCA115B00BE01E0 /* SwiftDemo1 */ = {
			isa = PBXGroup;
			children = (
				12F4763F2CCA115B00BE01E0 /* AppDelegate.swift */,
				12F476412CCA115B00BE01E0 /* SceneDelegate.swift */,
				12F476432CCA115B00BE01E0 /* ViewController.swift */,
				12F476552CCA4D1E00BE01E0 /* ToastMessage.swift */,
				12F476572CCA5E5B00BE01E0 /* PopupHelper.swift */,
				12F476592CCA646600BE01E0 /* CustomPopupView.swift */,
				12E3FECA2CCBC5480014B440 /* CustomDateSelection.swift */,
				12EA23682CD9F511008CAC98 /* CameraUtility.swift */,
				12EA236A2CDA3244008CAC98 /* CustomActionSheetVC.swift */,
				1218834E2CF4AF0D00D89A74 /* CustomVideoPlayer.swift */,
				12F28A2E2CDB50AB009FB484 /* TableViewCell.swift */,
				12F28A2F2CDB50AB009FB484 /* TableViewCell.xib */,
				12F476452CCA115C00BE01E0 /* Main.storyboard */,
				12F476482CCA115E00BE01E0 /* Assets.xcassets */,
				12F4764A2CCA115E00BE01E0 /* LaunchScreen.storyboard */,
				12F4764D2CCA115E00BE01E0 /* Info.plist */,
				124998982D005DEB003A29CE /* DropdownView.swift */,
			);
			path = SwiftDemo1;
			sourceTree = "<group>";
		};
/* End PBXGroup section */

/* Begin PBXNativeTarget section */
		12F4763B2CCA115B00BE01E0 /* SwiftDemo1 */ = {
			isa = PBXNativeTarget;
			buildConfigurationList = 12F476502CCA115E00BE01E0 /* Build configuration list for PBXNativeTarget "SwiftDemo1" */;
			buildPhases = (
				12F476382CCA115B00BE01E0 /* Sources */,
				12F476392CCA115B00BE01E0 /* Frameworks */,
				12F4763A2CCA115B00BE01E0 /* Resources */,
			);
			buildRules = (
			);
			dependencies = (
			);
			name = SwiftDemo1;
			productName = SwiftDemo1;
			productReference = 12F4763C2CCA115B00BE01E0 /* SwiftDemo1.app */;
			productType = "com.apple.product-type.application";
		};
/* End PBXNativeTarget section */

/* Begin PBXProject section */
		12F476342CCA115B00BE01E0 /* Project object */ = {
			isa = PBXProject;
			attributes = {
				BuildIndependentTargetsInParallel = 1;
				LastSwiftUpdateCheck = 1500;
				LastUpgradeCheck = 1500;
				TargetAttributes = {
					12F4763B2CCA115B00BE01E0 = {
						CreatedOnToolsVersion = 15.0.1;
					};
				};
			};
			buildConfigurationList = 12F476372CCA115B00BE01E0 /* Build configuration list for PBXProject "SwiftDemo1" */;
			compatibilityVersion = "Xcode 14.0";
			developmentRegion = en;
			hasScannedForEncodings = 0;
			knownRegions = (
				en,
				Base,
			);
			mainGroup = 12F476332CCA115B00BE01E0;
			productRefGroup = 12F4763D2CCA115B00BE01E0 /* Products */;
			projectDirPath = "";
			projectRoot = "";
			targets = (
				12F4763B2CCA115B00BE01E0 /* SwiftDemo1 */,
			);
		};
/* End PBXProject section */

/* Begin PBXResourcesBuildPhase section */
		12F4763A2CCA115B00BE01E0 /* Resources */ = {
			isa = PBXResourcesBuildPhase;
			buildActionMask = 2147483647;
			files = (
				12F4764C2CCA115E00BE01E0 /* LaunchScreen.storyboard in Resources */,
				12F28A312CDB50AB009FB484 /* TableViewCell.xib in Resources */,
				12F476492CCA115E00BE01E0 /* Assets.xcassets in Resources */,
				12F476472CCA115C00BE01E0 /* Main.storyboard in Resources */,
			);
			runOnlyForDeploymentPostprocessing = 0;
		};
/* End PBXResourcesBuildPhase section */

/* Begin PBXSourcesBuildPhase section */
		12F476382CCA115B00BE01E0 /* Sources */ = {
			isa = PBXSourcesBuildPhase;
			buildActionMask = 2147483647;
			files = (
				12F476442CCA115B00BE01E0 /* ViewController.swift in Sources */,
				12F476562CCA4D1E00BE01E0 /* ToastMessage.swift in Sources */,
				12F4765A2CCA646700BE01E0 /* CustomPopupView.swift in Sources */,
				12EA23692CD9F511008CAC98 /* CameraUtility.swift in Sources */,
				1218834F2CF4AF0D00D89A74 /* CustomVideoPlayer.swift in Sources */,
				124998992D005DEB003A29CE /* DropdownView.swift in Sources */,
				12E3FECB2CCBC5480014B440 /* CustomDateSelection.swift in Sources */,
				12F28A302CDB50AB009FB484 /* TableViewCell.swift in Sources */,
				12F476582CCA5E5B00BE01E0 /* PopupHelper.swift in Sources */,
				12F476402CCA115B00BE01E0 /* AppDelegate.swift in Sources */,
				12F476422CCA115B00BE01E0 /* SceneDelegate.swift in Sources */,
				12EA236B2CDA3244008CAC98 /* CustomActionSheetVC.swift in Sources */,
			);
			runOnlyForDeploymentPostprocessing = 0;
		};
/* End PBXSourcesBuildPhase section */

/* Begin PBXVariantGroup section */
		12F476452CCA115C00BE01E0 /* Main.storyboard */ = {
			isa = PBXVariantGroup;
			children = (
				12F476462CCA115C00BE01E0 /* Base */,
			);
			name = Main.storyboard;
			sourceTree = "<group>";
		};
		12F4764A2CCA115E00BE01E0 /* LaunchScreen.storyboard */ = {
			isa = PBXVariantGroup;
			children = (
				12F4764B2CCA115E00BE01E0 /* Base */,
			);
			name = LaunchScreen.storyboard;
			sourceTree = "<group>";
		};
/* End PBXVariantGroup section */

/* Begin XCBuildConfiguration section */
		12F4764E2CCA115E00BE01E0 /* Debug */ = {
			isa = XCBuildConfiguration;
			buildSettings = {
				ALWAYS_SEARCH_USER_PATHS = NO;
				ASSETCATALOG_COMPILER_GENERATE_SWIFT_ASSET_SYMBOL_EXTENSIONS = YES;
				CLANG_ANALYZER_NONNULL = YES;
				CLANG_ANALYZER_NUMBER_OBJECT_CONVERSION = YES_AGGRESSIVE;
				CLANG_CXX_LANGUAGE_STANDARD = "gnu++20";
				CLANG_ENABLE_MODULES = YES;
				CLANG_ENABLE_OBJC_ARC = YES;
				CLANG_ENABLE_OBJC_WEAK = YES;
				CLANG_WARN_BLOCK_CAPTURE_AUTORELEASING = YES;
				CLANG_WARN_BOOL_CONVERSION = YES;
				CLANG_WARN_COMMA = YES;
				CLANG_WARN_CONSTANT_CONVERSION = YES;
				CLANG_WARN_DEPRECATED_OBJC_IMPLEMENTATIONS = YES;
				CLANG_WARN_DIRECT_OBJC_ISA_USAGE = YES_ERROR;
				CLANG_WARN_DOCUMENTATION_COMMENTS = YES;
				CLANG_WARN_EMPTY_BODY = YES;
				CLANG_WARN_ENUM_CONVERSION = YES;
				CLANG_WARN_INFINITE_RECURSION = YES;
				CLANG_WARN_INT_CONVERSION = YES;
				CLANG_WARN_NON_LITERAL_NULL_CONVERSION = YES;
				CLANG_WARN_OBJC_IMPLICIT_RETAIN_SELF = YES;
				CLANG_WARN_OBJC_LITERAL_CONVERSION = YES;
				CLANG_WARN_OBJC_ROOT_CLASS = YES_ERROR;
				CLANG_WARN_QUOTED_INCLUDE_IN_FRAMEWORK_HEADER = YES;
				CLANG_WARN_RANGE_LOOP_ANALYSIS = YES;
				CLANG_WARN_STRICT_PROTOTYPES = YES;
				CLANG_WARN_SUSPICIOUS_MOVE = YES;
				CLANG_WARN_UNGUARDED_AVAILABILITY = YES_AGGRESSIVE;
				CLANG_WARN_UNREACHABLE_CODE = YES;
				CLANG_WARN__DUPLICATE_METHOD_MATCH = YES;
				COPY_PHASE_STRIP = NO;
				DEBUG_INFORMATION_FORMAT = dwarf;
				ENABLE_STRICT_OBJC_MSGSEND = YES;
				ENABLE_TESTABILITY = YES;
				ENABLE_USER_SCRIPT_SANDBOXING = YES;
				GCC_C_LANGUAGE_STANDARD = gnu17;
				GCC_DYNAMIC_NO_PIC = NO;
				GCC_NO_COMMON_BLOCKS = YES;
				GCC_OPTIMIZATION_LEVEL = 0;
				GCC_PREPROCESSOR_DEFINITIONS = (
					"DEBUG=1",
					"$(inherited)",
				);
				GCC_WARN_64_TO_32_BIT_CONVERSION = YES;
				GCC_WARN_ABOUT_RETURN_TYPE = YES_ERROR;
				GCC_WARN_UNDECLARED_SELECTOR = YES;
				GCC_WARN_UNINITIALIZED_AUTOS = YES_AGGRESSIVE;
				GCC_WARN_UNUSED_FUNCTION = YES;
				GCC_WARN_UNUSED_VARIABLE = YES;
				IPHONEOS_DEPLOYMENT_TARGET = 17.0;
				LOCALIZATION_PREFERS_STRING_CATALOGS = YES;
				MTL_ENABLE_DEBUG_INFO = INCLUDE_SOURCE;
				MTL_FAST_MATH = YES;
				ONLY_ACTIVE_ARCH = YES;
				SDKROOT = iphoneos;
				SWIFT_ACTIVE_COMPILATION_CONDITIONS = "DEBUG $(inherited)";
				SWIFT_OPTIMIZATION_LEVEL = "-Onone";
			};
			name = Debug;
		};
		12F4764F2CCA115E00BE01E0 /* Release */ = {
			isa = XCBuildConfiguration;
			buildSettings = {
				ALWAYS_SEARCH_USER_PATHS = NO;
				ASSETCATALOG_COMPILER_GENERATE_SWIFT_ASSET_SYMBOL_EXTENSIONS = YES;
				CLANG_ANALYZER_NONNULL = YES;
				CLANG_ANALYZER_NUMBER_OBJECT_CONVERSION = YES_AGGRESSIVE;
				CLANG_CXX_LANGUAGE_STANDARD = "gnu++20";
				CLANG_ENABLE_MODULES = YES;
				CLANG_ENABLE_OBJC_ARC = YES;
				CLANG_ENABLE_OBJC_WEAK = YES;
				CLANG_WARN_BLOCK_CAPTURE_AUTORELEASING = YES;
				CLANG_WARN_BOOL_CONVERSION = YES;
				CLANG_WARN_COMMA = YES;
				CLANG_WARN_CONSTANT_CONVERSION = YES;
				CLANG_WARN_DEPRECATED_OBJC_IMPLEMENTATIONS = YES;
				CLANG_WARN_DIRECT_OBJC_ISA_USAGE = YES_ERROR;
				CLANG_WARN_DOCUMENTATION_COMMENTS = YES;
				CLANG_WARN_EMPTY_BODY = YES;
				CLANG_WARN_ENUM_CONVERSION = YES;
				CLANG_WARN_INFINITE_RECURSION = YES;
				CLANG_WARN_INT_CONVERSION = YES;
				CLANG_WARN_NON_LITERAL_NULL_CONVERSION = YES;
				CLANG_WARN_OBJC_IMPLICIT_RETAIN_SELF = YES;
				CLANG_WARN_OBJC_LITERAL_CONVERSION = YES;
				CLANG_WARN_OBJC_ROOT_CLASS = YES_ERROR;
				CLANG_WARN_QUOTED_INCLUDE_IN_FRAMEWORK_HEADER = YES;
				CLANG_WARN_RANGE_LOOP_ANALYSIS = YES;
				CLANG_WARN_STRICT_PROTOTYPES = YES;
				CLANG_WARN_SUSPICIOUS_MOVE = YES;
				CLANG_WARN_UNGUARDED_AVAILABILITY = YES_AGGRESSIVE;
				CLANG_WARN_UNREACHABLE_CODE = YES;
				CLANG_WARN__DUPLICATE_METHOD_MATCH = YES;
				COPY_PHASE_STRIP = NO;
				DEBUG_INFORMATION_FORMAT = "dwarf-with-dsym";
				ENABLE_NS_ASSERTIONS = NO;
				ENABLE_STRICT_OBJC_MSGSEND = YES;
				ENABLE_USER_SCRIPT_SANDBOXING = YES;
				GCC_C_LANGUAGE_STANDARD = gnu17;
				GCC_NO_COMMON_BLOCKS = YES;
				GCC_WARN_64_TO_32_BIT_CONVERSION = YES;
				GCC_WARN_ABOUT_RETURN_TYPE = YES_ERROR;
				GCC_WARN_UNDECLARED_SELECTOR = YES;
				GCC_WARN_UNINITIALIZED_AUTOS = YES_AGGRESSIVE;
				GCC_WARN_UNUSED_FUNCTION = YES;
				GCC_WARN_UNUSED_VARIABLE = YES;
				IPHONEOS_DEPLOYMENT_TARGET = 17.0;
				LOCALIZATION_PREFERS_STRING_CATALOGS = YES;
				MTL_ENABLE_DEBUG_INFO = NO;
				MTL_FAST_MATH = YES;
				SDKROOT = iphoneos;
				SWIFT_COMPILATION_MODE = wholemodule;
				VALIDATE_PRODUCT = YES;
			};
			name = Release;
		};
		12F476512CCA115E00BE01E0 /* Debug */ = {
			isa = XCBuildConfiguration;
			buildSettings = {
				ASSETCATALOG_COMPILER_APPICON_NAME = AppIcon;
				ASSETCATALOG_COMPILER_GLOBAL_ACCENT_COLOR_NAME = AccentColor;
				CODE_SIGN_STYLE = Automatic;
				CURRENT_PROJECT_VERSION = 1;
				DEVELOPMENT_TEAM = 27B9XTLYR7;
				GENERATE_INFOPLIST_FILE = YES;
				INFOPLIST_FILE = SwiftDemo1/Info.plist;
				INFOPLIST_KEY_UIApplicationSupportsIndirectInputEvents = YES;
				INFOPLIST_KEY_UILaunchStoryboardName = LaunchScreen;
				INFOPLIST_KEY_UIMainStoryboardFile = Main;
				INFOPLIST_KEY_UISupportedInterfaceOrientations_iPad = "UIInterfaceOrientationPortrait UIInterfaceOrientationPortraitUpsideDown UIInterfaceOrientationLandscapeLeft UIInterfaceOrientationLandscapeRight";
				INFOPLIST_KEY_UISupportedInterfaceOrientations_iPhone = "UIInterfaceOrientationPortrait UIInterfaceOrientationLandscapeLeft UIInterfaceOrientationLandscapeRight";
				LD_RUNPATH_SEARCH_PATHS = (
					"$(inherited)",
					"@executable_path/Frameworks",
				);
				MARKETING_VERSION = 1.0;
				PRODUCT_BUNDLE_IDENTIFIER = com.pranay.SwiftDemo1;
				PRODUCT_NAME = "$(TARGET_NAME)";
				SWIFT_EMIT_LOC_STRINGS = YES;
				SWIFT_VERSION = 5.0;
				TARGETED_DEVICE_FAMILY = "1,2";
			};
			name = Debug;
		};
		12F476522CCA115E00BE01E0 /* Release */ = {
			isa = XCBuildConfiguration;
			buildSettings = {
				ASSETCATALOG_COMPILER_APPICON_NAME = AppIcon;
				ASSETCATALOG_COMPILER_GLOBAL_ACCENT_COLOR_NAME = AccentColor;
				CODE_SIGN_STYLE = Automatic;
				CURRENT_PROJECT_VERSION = 1;
				DEVELOPMENT_TEAM = 27B9XTLYR7;
				GENERATE_INFOPLIST_FILE = YES;
				INFOPLIST_FILE = SwiftDemo1/Info.plist;
				INFOPLIST_KEY_UIApplicationSupportsIndirectInputEvents = YES;
				INFOPLIST_KEY_UILaunchStoryboardName = LaunchScreen;
				INFOPLIST_KEY_UIMainStoryboardFile = Main;
				INFOPLIST_KEY_UISupportedInterfaceOrientations_iPad = "UIInterfaceOrientationPortrait UIInterfaceOrientationPortraitUpsideDown UIInterfaceOrientationLandscapeLeft UIInterfaceOrientationLandscapeRight";
				INFOPLIST_KEY_UISupportedInterfaceOrientations_iPhone = "UIInterfaceOrientationPortrait UIInterfaceOrientationLandscapeLeft UIInterfaceOrientationLandscapeRight";
				LD_RUNPATH_SEARCH_PATHS = (
					"$(inherited)",
					"@executable_path/Frameworks",
				);
				MARKETING_VERSION = 1.0;
				PRODUCT_BUNDLE_IDENTIFIER = com.pranay.SwiftDemo1;
				PRODUCT_NAME = "$(TARGET_NAME)";
				SWIFT_EMIT_LOC_STRINGS = YES;
				SWIFT_VERSION = 5.0;
				TARGETED_DEVICE_FAMILY = "1,2";
			};
			name = Release;
		};
/* End XCBuildConfiguration section */

/* Begin XCConfigurationList section */
		12F476372CCA115B00BE01E0 /* Build configuration list for PBXProject "SwiftDemo1" */ = {
			isa = XCConfigurationList;
			buildConfigurations = (
				12F4764E2CCA115E00BE01E0 /* Debug */,
				12F4764F2CCA115E00BE01E0 /* Release */,
			);
			defaultConfigurationIsVisible = 0;
			defaultConfigurationName = Release;
		};
		12F476502CCA115E00BE01E0 /* Build configuration list for PBXNativeTarget "SwiftDemo1" */ = {
			isa = XCConfigurationList;
			buildConfigurations = (
				12F476512CCA115E00BE01E0 /* Debug */,
				12F476522CCA115E00BE01E0 /* Release */,
			);
			defaultConfigurationIsVisible = 0;
			defaultConfigurationName = Release;
		};
/* End XCConfigurationList section */
	};
	rootObject = 12F476342CCA115B00BE01E0 /* Project object */;
}
